
Microsoft Visual Studio Solution File, Format Version 12.00
# Visual Studio Version 17
VisualStudioVersion = 17.1.31911.260
MinimumVisualStudioVersion = 10.0.40219.1
Project("{FAE04EC0-301F-11D3-BF4B-00C04F79EFBC}") = "DDDBlocks.Application", "src\DDDBlocks.Application\DDDBlocks.Application.csproj", "{B7EDAD84-757F-447F-AE02-12284ADD70EA}"
EndProject
Project("{FAE04EC0-301F-11D3-BF4B-00C04F79EFBC}") = "DDDBlocks.Domain", "src\DDDBlocks.Domain\DDDBlocks.Domain.csproj", "{F63B9D1E-1CE2-4A59-BB54-B84AE940AD97}"
EndProject
Project("{FAE04EC0-301F-11D3-BF4B-00C04F79EFBC}") = "DDDBlocks.Infrastructure", "src\DDDBlocks.Infrastructure\DDDBlocks.Infrastructure.csproj", "{DCB11B25-AB8C-4059-9E99-3BC9A449D9E5}"
EndProject
Global
	GlobalSection(SolutionConfigurationPlatforms) = preSolution
		Debug|Any CPU = Debug|Any CPU
		Release|Any CPU = Release|Any CPU
	EndGlobalSection
	GlobalSection(ProjectConfigurationPlatforms) = postSolution
		{B7EDAD84-757F-447F-AE02-12284ADD70EA}.Debug|Any CPU.ActiveCfg = Debug|Any CPU
		{B7EDAD84-757F-447F-AE02-12284ADD70EA}.Debug|Any CPU.Build.0 = Debug|Any CPU
		{B7EDAD84-757F-447F-AE02-12284ADD70EA}.Release|Any CPU.ActiveCfg = Release|Any CPU
		{B7EDAD84-757F-447F-AE02-12284ADD70EA}.Release|Any CPU.Build.0 = Release|Any CPU
		{F63B9D1E-1CE2-4A59-BB54-B84AE940AD97}.Debug|Any CPU.ActiveCfg = Debug|Any CPU
		{F63B9D1E-1CE2-4A59-BB54-B84AE940AD97}.Debug|Any CPU.Build.0 = Debug|Any CPU
		{F63B9D1E-1CE2-4A59-BB54-B84AE940AD97}.Release|Any CPU.ActiveCfg = Release|Any CPU
		{F63B9D1E-1CE2-4A59-BB54-B84AE940AD97}.Release|Any CPU.Build.0 = Release|Any CPU
		{DCB11B25-AB8C-4059-9E99-3BC9A449D9E5}.Debug|Any CPU.ActiveCfg = Debug|Any CPU
		{DCB11B25-AB8C-4059-9E99-3BC9A449D9E5}.Debug|Any CPU.Build.0 = Debug|Any CPU
		{DCB11B25-AB8C-4059-9E99-3BC9A449D9E5}.Release|Any CPU.ActiveCfg = Release|Any CPU
		{DCB11B25-AB8C-4059-9E99-3BC9A449D9E5}.Release|Any CPU.Build.0 = Release|Any CPU
	EndGlobalSection
	GlobalSection(SolutionProperties) = preSolution
		HideSolutionNode = FALSE
	EndGlobalSection
	GlobalSection(ExtensibilityGlobals) = postSolution
		SolutionGuid = {81421BCB-C9EA-4095-A7BA-492D6C892F8B}
	EndGlobalSection
EndGlobal
